
Microsoft Visual Studio Solution File, Format Version 12.00
# Visual Studio 15
VisualStudioVersion = 15.0.28010.2050
MinimumVisualStudioVersion = 10.0.40219.1
Project("{FAE04EC0-301F-11D3-BF4B-00C04F79EFBC}") = "MojaWalizkaWinForms", "AppMojaWalizka\MojaWalizkaWinForms.csproj", "{8C770044-0862-4556-BD3B-8D4614680FE9}"
EndProject
Project("{FAE04EC0-301F-11D3-BF4B-00C04F79EFBC}") = "MojaWalizkaBL", "MojaWalizkaBL\MojaWalizkaBL.csproj", "{7A932B9E-8D11-4718-999C-7F733B13BCDD}"
EndProject
Project("{FAE04EC0-301F-11D3-BF4B-00C04F79EFBC}") = "MojaWalizkaUnitTests", "MojaWalizkaUnitTests\MojaWalizkaUnitTests.csproj", "{C7B82EBE-3B5C-4D25-9050-98D9AA30870C}"
EndProject
Project("{FAE04EC0-301F-11D3-BF4B-00C04F79EFBC}") = "MojaWalizkaWPF", "MojaWalizkaWPF\MojaWalizkaWPF.csproj", "{EC32EB06-11AA-4927-88AF-D571D206BC03}"
EndProject
Global
	GlobalSection(SolutionConfigurationPlatforms) = preSolution
		Debug|Any CPU = Debug|Any CPU
		Release|Any CPU = Release|Any CPU
	EndGlobalSection
	GlobalSection(ProjectConfigurationPlatforms) = postSolution
		{8C770044-0862-4556-BD3B-8D4614680FE9}.Debug|Any CPU.ActiveCfg = Debug|Any CPU
		{8C770044-0862-4556-BD3B-8D4614680FE9}.Debug|Any CPU.Build.0 = Debug|Any CPU
		{8C770044-0862-4556-BD3B-8D4614680FE9}.Release|Any CPU.ActiveCfg = Release|Any CPU
		{8C770044-0862-4556-BD3B-8D4614680FE9}.Release|Any CPU.Build.0 = Release|Any CPU
		{7A932B9E-8D11-4718-999C-7F733B13BCDD}.Debug|Any CPU.ActiveCfg = Debug|Any CPU
		{7A932B9E-8D11-4718-999C-7F733B13BCDD}.Debug|Any CPU.Build.0 = Debug|Any CPU
		{7A932B9E-8D11-4718-999C-7F733B13BCDD}.Release|Any CPU.ActiveCfg = Release|Any CPU
		{7A932B9E-8D11-4718-999C-7F733B13BCDD}.Release|Any CPU.Build.0 = Release|Any CPU
		{C7B82EBE-3B5C-4D25-9050-98D9AA30870C}.Debug|Any CPU.ActiveCfg = Debug|Any CPU
		{C7B82EBE-3B5C-4D25-9050-98D9AA30870C}.Debug|Any CPU.Build.0 = Debug|Any CPU
		{C7B82EBE-3B5C-4D25-9050-98D9AA30870C}.Release|Any CPU.ActiveCfg = Release|Any CPU
		{C7B82EBE-3B5C-4D25-9050-98D9AA30870C}.Release|Any CPU.Build.0 = Release|Any CPU
		{EC32EB06-11AA-4927-88AF-D571D206BC03}.Debug|Any CPU.ActiveCfg = Debug|Any CPU
		{EC32EB06-11AA-4927-88AF-D571D206BC03}.Debug|Any CPU.Build.0 = Debug|Any CPU
		{EC32EB06-11AA-4927-88AF-D571D206BC03}.Release|Any CPU.ActiveCfg = Release|Any CPU
		{EC32EB06-11AA-4927-88AF-D571D206BC03}.Release|Any CPU.Build.0 = Release|Any CPU
	EndGlobalSection
	GlobalSection(SolutionProperties) = preSolution
		HideSolutionNode = FALSE
	EndGlobalSection
	GlobalSection(ExtensibilityGlobals) = postSolution
		SolutionGuid = {BC59617E-B03E-4783-BFC0-3692DAC12EAF}
	EndGlobalSection
EndGlobal
